SITE
  remote: http://community.opscode.com/api/v1
  specs:
    dmg (1.1.0)
    homebrew (1.3.2)
    mac_os_x (1.4.2)
    xquartz (1.0.0)
      dmg (~> 1.1)
    zip_app (0.2.2)

PATH
  remote: site-cookbooks/osx-apps
  specs:
    osx-apps (0.1.0)

DEPENDENCIES
  dmg (>= 0)
  homebrew (>= 0)
  mac_os_x (>= 0)
  osx-apps (>= 0)
  xquartz (>= 0)
  zip_app (>= 0)

